
Microsoft Visual Studio Solution File, Format Version 12.00
# Visual Studio Version 16
VisualStudioVersion = 16.0.30413.136
MinimumVisualStudioVersion = 10.0.40219.1
Project("{FAE04EC0-301F-11D3-BF4B-00C04F79EFBC}") = "AssignmentManager", "AssignmentManager\AssignmentManager.csproj", "{218F2CEC-916C-4744-A94F-017E8489F0EF}"
EndProject
Project("{FAE04EC0-301F-11D3-BF4B-00C04F79EFBC}") = "AssignmentReminder", "AssignmentReminder\AssignmentReminder.csproj", "{38795031-4C36-43A3-8FFF-A65A8CAC40DF}"
EndProject
Global
	GlobalSection(SolutionConfigurationPlatforms) = preSolution
		Debug|Any CPU = Debug|Any CPU
		Release|Any CPU = Release|Any CPU
	EndGlobalSection
	GlobalSection(ProjectConfigurationPlatforms) = postSolution
		{218F2CEC-916C-4744-A94F-017E8489F0EF}.Debug|Any CPU.ActiveCfg = Debug|Any CPU
		{218F2CEC-916C-4744-A94F-017E8489F0EF}.Debug|Any CPU.Build.0 = Debug|Any CPU
		{218F2CEC-916C-4744-A94F-017E8489F0EF}.Release|Any CPU.ActiveCfg = Release|Any CPU
		{218F2CEC-916C-4744-A94F-017E8489F0EF}.Release|Any CPU.Build.0 = Release|Any CPU
		{38795031-4C36-43A3-8FFF-A65A8CAC40DF}.Debug|Any CPU.ActiveCfg = Debug|Any CPU
		{38795031-4C36-43A3-8FFF-A65A8CAC40DF}.Debug|Any CPU.Build.0 = Debug|Any CPU
		{38795031-4C36-43A3-8FFF-A65A8CAC40DF}.Release|Any CPU.ActiveCfg = Release|Any CPU
		{38795031-4C36-43A3-8FFF-A65A8CAC40DF}.Release|Any CPU.Build.0 = Release|Any CPU
	EndGlobalSection
	GlobalSection(SolutionProperties) = preSolution
		HideSolutionNode = FALSE
	EndGlobalSection
	GlobalSection(ExtensibilityGlobals) = postSolution
		SolutionGuid = {E78C1DC9-A1A3-4B05-99BB-7DAD44127434}
	EndGlobalSection
EndGlobal
